
Microsoft Visual Studio Solution File, Format Version 12.00
# Visual Studio Version 17
VisualStudioVersion = 17.14.36623.8 d17.14
MinimumVisualStudioVersion = 10.0.40219.1
Project("{FAE04EC0-301F-11D3-BF4B-00C04F79EFBC}") = "PraticalExercices", "PraticalExercices.csproj", "{ECEB470F-F56D-4794-8133-587285AC3BA0}"
EndProject
Global
	GlobalSection(SolutionConfigurationPlatforms) = preSolution
		Debug|Any CPU = Debug|Any CPU
		Release|Any CPU = Release|Any CPU
	EndGlobalSection
	GlobalSection(ProjectConfigurationPlatforms) = postSolution
		{ECEB470F-F56D-4794-8133-587285AC3BA0}.Debug|Any CPU.ActiveCfg = Debug|Any CPU
		{ECEB470F-F56D-4794-8133-587285AC3BA0}.Debug|Any CPU.Build.0 = Debug|Any CPU
		{ECEB470F-F56D-4794-8133-587285AC3BA0}.Release|Any CPU.ActiveCfg = Release|Any CPU
		{ECEB470F-F56D-4794-8133-587285AC3BA0}.Release|Any CPU.Build.0 = Release|Any CPU
	EndGlobalSection
	GlobalSection(SolutionProperties) = preSolution
		HideSolutionNode = FALSE
	EndGlobalSection
	GlobalSection(ExtensibilityGlobals) = postSolution
		SolutionGuid = {DB9C3AF4-C11F-4F88-9208-24971A21ED99}
	EndGlobalSection
EndGlobal
